
Microsoft Visual Studio Solution File, Format Version 12.00
# Visual Studio Version 17
VisualStudioVersion = 17.11.35222.181
MinimumVisualStudioVersion = 10.0.40219.1
Project("{FAE04EC0-301F-11D3-BF4B-00C04F79EFBC}") = "ConsoleApp", "..\ConsoleApp\ConsoleApp.csproj", "{358511FC-6741-4B24-875F-4AB8DB6BB0BB}"
EndProject
Project("{FAE04EC0-301F-11D3-BF4B-00C04F79EFBC}") = "TestProject", "TestProject\TestProject.csproj", "{B7AE6737-EC83-4958-BCF3-585C5B1299D6}"
EndProject
Global
	GlobalSection(SolutionConfigurationPlatforms) = preSolution
		Debug|Any CPU = Debug|Any CPU
		Release|Any CPU = Release|Any CPU
	EndGlobalSection
	GlobalSection(ProjectConfigurationPlatforms) = postSolution
		{358511FC-6741-4B24-875F-4AB8DB6BB0BB}.Debug|Any CPU.ActiveCfg = Debug|Any CPU
		{358511FC-6741-4B24-875F-4AB8DB6BB0BB}.Debug|Any CPU.Build.0 = Debug|Any CPU
		{358511FC-6741-4B24-875F-4AB8DB6BB0BB}.Release|Any CPU.ActiveCfg = Release|Any CPU
		{358511FC-6741-4B24-875F-4AB8DB6BB0BB}.Release|Any CPU.Build.0 = Release|Any CPU
		{B7AE6737-EC83-4958-BCF3-585C5B1299D6}.Debug|Any CPU.ActiveCfg = Debug|Any CPU
		{B7AE6737-EC83-4958-BCF3-585C5B1299D6}.Debug|Any CPU.Build.0 = Debug|Any CPU
		{B7AE6737-EC83-4958-BCF3-585C5B1299D6}.Release|Any CPU.ActiveCfg = Release|Any CPU
		{B7AE6737-EC83-4958-BCF3-585C5B1299D6}.Release|Any CPU.Build.0 = Release|Any CPU
	EndGlobalSection
	GlobalSection(SolutionProperties) = preSolution
		HideSolutionNode = FALSE
	EndGlobalSection
	GlobalSection(ExtensibilityGlobals) = postSolution
		SolutionGuid = {53A059FA-953E-42AF-A4A7-8416C1920674}
	EndGlobalSection
EndGlobal
